{
  "requires": true,
  "lockfileVersion": 1,
  "dependencies": {
    "@babel/runtime": {
      "version": "7.2.0",
      "resolved": "https://registry.npmjs.org/@babel/runtime/-/runtime-7.2.0.tgz",
      "integrity": "sha512-oouEibCbHMVdZSDlJBO6bZmID/zA/G/Qx3H1d3rSNPTD+L8UNKvCat7aKWSJ74zYbm5zWGh0GQN0hKj8zYFTCg==",
      "requires": {
        "regenerator-runtime": "^0.12.0"
      }
    },
    "@material/base": {
      "version": "0.41.0",
      "resolved": "https://registry.npmjs.org/@material/base/-/base-0.41.0.tgz",
      "integrity": "sha512-tEyzwBRu3d1H120SfKsDVYZHcqT5lKohh/7cWKR93aAaPDkSvjpKJIjyu2yuSkjpDduVZGzVocYbOvhUKhhzXQ=="
    },
    "@material/grid-list": {
      "version": "0.42.0",
      "resolved": "https://registry.npmjs.org/@material/grid-list/-/grid-list-0.42.0.tgz",
      "integrity": "sha512-RbvppdR+OUk6DBkL3w3tjHRFpKkCyBo17pXpHkV75D4HVAQ7s8/Ra9659T4zEORqcwhLUDGj5Xz7DhsOqQdtlg==",
      "requires": {
        "@material/base": "^0.41.0",
        "@material/rtl": "^0.42.0",
        "@material/theme": "^0.41.0",
        "@material/typography": "^0.42.0"
      }
    },
    "@material/rtl": {
      "version": "0.42.0",
      "resolved": "https://registry.npmjs.org/@material/rtl/-/rtl-0.42.0.tgz",
      "integrity": "sha512-VrnrKJzhmspsN8WXHuxxBZ69yM5IwhCUqWr1t1eNfw3ZEvEj7i1g3P31HGowKThIN1dc1Wh4LE14rCISWCtv5w=="
    },
    "@material/theme": {
      "version": "0.41.0",
      "resolved": "https://registry.npmjs.org/@material/theme/-/theme-0.41.0.tgz",
      "integrity": "sha512-ohW2JxObKOWvP34EkIIcrEVtL3g0Gs/T3/MdOsM36euyshY8Jwl1f6fjVUQvVjSpixUtSb30/+ulblF8fTOwBg=="
    },
    "@material/typography": {
      "version": "0.42.0",
      "resolved": "https://registry.npmjs.org/@material/typography/-/typography-0.42.0.tgz",
      "integrity": "sha512-HgjRfmunrW8qqB0xC6AQNAQVIq19WUeRoimUf8ytf12Rq1oNG///6bnr86OI9+Q1EpeF822efZP4XPLUPb8kJw=="
    },
    "batch-processor": {
      "version": "1.0.0",
      "resolved": "https://registry.npmjs.org/batch-processor/-/batch-processor-1.0.0.tgz",
      "integrity": "sha1-dclcMrdI4IUNEMKxaPa9vpiRrOg="
    },
    "bowser": {
      "version": "1.9.4",
      "resolved": "https://registry.npmjs.org/bowser/-/bowser-1.9.4.tgz",
      "integrity": "sha512-9IdMmj2KjigRq6oWhmwv1W36pDuA4STQZ8q6YO9um+x07xgYNCD3Oou+WP/3L1HNz7iqythGet3/p4wvc8AAwQ=="
    },
    "chain-function": {
      "version": "1.0.1",
      "resolved": "https://registry.npmjs.org/chain-function/-/chain-function-1.0.1.tgz",
      "integrity": "sha512-SxltgMwL9uCko5/ZCLiyG2B7R9fY4pDZUw7hJ4MhirdjBLosoDqkWABi3XMucddHdLiFJMb7PD2MZifZriuMTg=="
    },
    "css-in-js-utils": {
      "version": "2.0.1",
      "resolved": "http://registry.npmjs.org/css-in-js-utils/-/css-in-js-utils-2.0.1.tgz",
      "integrity": "sha512-PJF0SpJT+WdbVVt0AOYp9C8GnuruRlL/UFW7932nLWmFLQTaWEzTBQEx7/hn4BuV+WON75iAViSUJLiU3PKbpA==",
      "requires": {
        "hyphenate-style-name": "^1.0.2",
        "isobject": "^3.0.1"
      }
    },
    "dom-helpers": {
      "version": "3.4.0",
      "resolved": "https://registry.npmjs.org/dom-helpers/-/dom-helpers-3.4.0.tgz",
      "integrity": "sha512-LnuPJ+dwqKDIyotW1VzmOZ5TONUN7CwkCR5hrgawTUbkBGYdeoNLZo6nNfGkCrjtE1nXXaj7iMMpDa8/d9WoIA==",
      "requires": {
        "@babel/runtime": "^7.1.2"
      }
    },
    "easy-css-transform-builder": {
      "version": "0.0.2",
      "resolved": "https://registry.npmjs.org/easy-css-transform-builder/-/easy-css-transform-builder-0.0.2.tgz",
      "integrity": "sha1-pUFmenkZ4X9n2CsR08tV/dVDMCI=",
      "requires": {
        "invariant": "^2.2.2"
      }
    },
    "element-resize-detector": {
      "version": "1.2.0",
      "resolved": "https://registry.npmjs.org/element-resize-detector/-/element-resize-detector-1.2.0.tgz",
      "integrity": "sha512-UmhNB8sIJVZeg56gEjgmMd6p37sCg8j8trVW0LZM7Wzv+kxQ5CnRHcgRKBTB/kFUSn3e7UP59kl2V2U8Du1hmg==",
      "requires": {
        "batch-processor": "1.0.0"
      }
    },
    "ev-emitter": {
      "version": "1.1.1",
      "resolved": "https://registry.npmjs.org/ev-emitter/-/ev-emitter-1.1.1.tgz",
      "integrity": "sha512-ipiDYhdQSCZ4hSbX4rMW+XzNKMD1prg/sTvoVmSLkuQ1MVlwjJQQA+sW8tMYR3BLUr9KjodFV4pvzunvRhd33Q=="
    },
    "exenv": {
      "version": "1.2.2",
      "resolved": "https://registry.npmjs.org/exenv/-/exenv-1.2.2.tgz",
      "integrity": "sha1-KueOhdmJQVhnCwPUe+wfA72Ru50="
    },
    "hyphenate-style-name": {
      "version": "1.0.2",
      "resolved": "https://registry.npmjs.org/hyphenate-style-name/-/hyphenate-style-name-1.0.2.tgz",
      "integrity": "sha1-MRYKNpMK2vH8BMYHT360FGXU7Es="
    },
    "imagesloaded": {
      "version": "4.1.4",
      "resolved": "https://registry.npmjs.org/imagesloaded/-/imagesloaded-4.1.4.tgz",
      "integrity": "sha512-ltiBVcYpc/TYTF5nolkMNsnREHW+ICvfQ3Yla2Sgr71YFwQ86bDwV9hgpFhFtrGPuwEx5+LqOHIrdXBdoWwwsA==",
      "requires": {
        "ev-emitter": "^1.0.0"
      }
    },
    "inline-style-prefixer": {
      "version": "3.0.8",
      "resolved": "https://registry.npmjs.org/inline-style-prefixer/-/inline-style-prefixer-3.0.8.tgz",
      "integrity": "sha1-hVG45bTVcyROZqNLBPfTIHaitTQ=",
      "requires": {
        "bowser": "^1.7.3",
        "css-in-js-utils": "^2.0.0"
      }
    },
    "invariant": {
      "version": "2.2.4",
      "resolved": "https://registry.npmjs.org/invariant/-/invariant-2.2.4.tgz",
      "integrity": "sha512-phJfQVBuaJM5raOpJjSfkiD6BpbCE4Ns//LaXl6wGYtUBY83nWS6Rf9tXm2e8VaK60JEjYldbPif/A2B1C2gNA==",
      "requires": {
        "loose-envify": "^1.0.0"
      }
    },
    "isobject": {
      "version": "3.0.1",
      "resolved": "https://registry.npmjs.org/isobject/-/isobject-3.0.1.tgz",
      "integrity": "sha1-TkMekrEalzFjaqH5yNHMvP2reN8="
    },
    "js-tokens": {
      "version": "4.0.0",
      "resolved": "https://registry.npmjs.org/js-tokens/-/js-tokens-4.0.0.tgz",
      "integrity": "sha512-RdJUflcE3cUzKiMqQgsCu06FPu9UdIJO0beYbPhHN4k6apgJtifcoCtT9bcxOpYBtpD2kCM6Sbzg4CausW/PKQ=="
    },
    "lodash.debounce": {
      "version": "4.0.8",
      "resolved": "https://registry.npmjs.org/lodash.debounce/-/lodash.debounce-4.0.8.tgz",
      "integrity": "sha1-gteb/zCmfEAF/9XiUVMArZyk168="
    },
    "lodash.throttle": {
      "version": "4.1.1",
      "resolved": "https://registry.npmjs.org/lodash.throttle/-/lodash.throttle-4.1.1.tgz",
      "integrity": "sha1-wj6RtxAkKscMN/HhzaknTMOb8vQ="
    },
    "loose-envify": {
      "version": "1.4.0",
      "resolved": "https://registry.npmjs.org/loose-envify/-/loose-envify-1.4.0.tgz",
      "integrity": "sha512-lyuxPGr/Wfhrlem2CL/UcnUc1zcqKAImBDzukY7Y5F/yQiNdko6+fRLevlw1HgMySw7f611UIY408EtxRSoK3Q==",
      "requires": {
        "js-tokens": "^3.0.0 || ^4.0.0"
      }
    },
    "object-assign": {
      "version": "4.1.1",
      "resolved": "https://registry.npmjs.org/object-assign/-/object-assign-4.1.1.tgz",
      "integrity": "sha1-IQmtx5ZYh8/AXLvUQsrIv7s2CGM="
    },
    "prop-types": {
      "version": "15.6.2",
      "resolved": "https://registry.npmjs.org/prop-types/-/prop-types-15.6.2.tgz",
      "integrity": "sha512-3pboPvLiWD7dkI3qf3KbUe6hKFKa52w+AE0VCqECtf+QHAKgOL37tTaNCnuX1nAAQ4ZhyP+kYVKf8rLmJ/feDQ==",
      "requires": {
        "loose-envify": "^1.3.1",
        "object-assign": "^4.1.1"
      }
    },
    "react-sizeme": {
      "version": "2.5.2",
      "resolved": "https://registry.npmjs.org/react-sizeme/-/react-sizeme-2.5.2.tgz",
      "integrity": "sha512-hYvcncV1FxVzPm2EhVwlOLf7Tk+k/ttO6rI7bfKUL/aL1gYzrY3DXJsdZ6nFaFgGSU/i8KC6gCoptOhBbRJpXQ==",
      "requires": {
        "element-resize-detector": "^1.1.12",
        "invariant": "^2.2.2",
        "lodash.debounce": "^4.0.8",
        "lodash.throttle": "^4.1.1",
        "shallowequal": "^1.0.2"
      }
    },
    "react-stack-grid": {
      "version": "0.7.1",
      "resolved": "https://registry.npmjs.org/react-stack-grid/-/react-stack-grid-0.7.1.tgz",
      "integrity": "sha512-Fw7qMt5Rd9wQpNCnvK4Gi+ry/nL5rKfzP2hGsw5/DZxArEMk60VoDLy68Uskq09l6wk7qb2w7P2+lNzSd9mYEw==",
      "requires": {
        "easy-css-transform-builder": "^0.0.2",
        "exenv": "^1.2.1",
        "imagesloaded": "^4.1.1",
        "inline-style-prefixer": "^3.0.6",
        "invariant": "^2.2.2",
        "prop-types": "^15.5.10",
        "react-sizeme": "^2.2.0",
        "react-transition-group": "^1.2.0",
        "shallowequal": "^1.0.1"
      }
    },
    "react-transition-group": {
      "version": "1.2.1",
      "resolved": "https://registry.npmjs.org/react-transition-group/-/react-transition-group-1.2.1.tgz",
      "integrity": "sha512-CWaL3laCmgAFdxdKbhhps+c0HRGF4c+hdM4H23+FI1QBNUyx/AMeIJGWorehPNSaKnQNOAxL7PQmqMu78CDj3Q==",
      "requires": {
        "chain-function": "^1.0.0",
        "dom-helpers": "^3.2.0",
        "loose-envify": "^1.3.1",
        "prop-types": "^15.5.6",
        "warning": "^3.0.0"
      }
    },
    "regenerator-runtime": {
      "version": "0.12.1",
      "resolved": "https://registry.npmjs.org/regenerator-runtime/-/regenerator-runtime-0.12.1.tgz",
      "integrity": "sha512-odxIc1/vDlo4iZcfXqRYFj0vpXFNoGdKMAUieAlFYO6m/nl5e9KR/beGf41z4a1FI+aQgtjhuaSlDxQ0hmkrHg=="
    },
    "shallowequal": {
      "version": "1.1.0",
      "resolved": "https://registry.npmjs.org/shallowequal/-/shallowequal-1.1.0.tgz",
      "integrity": "sha512-y0m1JoUZSlPAjXVtPPW70aZWfIL/dSP7AFkRnniLCrK/8MDKog3TySTBmckD+RObVxH0v4Tox67+F14PdED2oQ=="
    },
    "warning": {
      "version": "3.0.0",
      "resolved": "https://registry.npmjs.org/warning/-/warning-3.0.0.tgz",
      "integrity": "sha1-MuU3fLVy3kqwR1O9+IIcAe1gW3w=",
      "requires": {
        "loose-envify": "^1.0.0"
      }
    }
  }
}
